
Microsoft Visual Studio Solution File, Format Version 12.00
# Visual Studio Version 16
VisualStudioVersion = 16.0.31112.23
MinimumVisualStudioVersion = 10.0.40219.1
Project("{9A19103F-16F7-4668-BE54-9A1E7A4F7556}") = "DAL", "DAL\DAL.csproj", "{BCC09D5A-7305-4912-9DEC-3B0D1381E3EB}"
EndProject
Project("{2150E333-8FDC-42A3-9474-1A3956D46DE8}") = "Catalog", "Catalog", "{CC8E835B-FE17-42D3-9BD7-E182BDF4F7D1}"
EndProject
Project("{9A19103F-16F7-4668-BE54-9A1E7A4F7556}") = "DAL.Test", "..\DAL.Test\DAL.Test\DAL.Test.csproj", "{B412FD0D-D301-48F0-BC8B-D254F454C3EC}"
EndProject
Project("{9A19103F-16F7-4668-BE54-9A1E7A4F7556}") = "BLL", "BLL\BLL.csproj", "{C27E44AC-E142-45FC-8B5A-479A056A0B91}"
EndProject
Project("{9A19103F-16F7-4668-BE54-9A1E7A4F7556}") = "BLL.Test", "BLL.Test\BLL.Test.csproj", "{243EF710-46BB-4155-BA74-0E5C2362E502}"
EndProject
Project("{9A19103F-16F7-4668-BE54-9A1E7A4F7556}") = "CCL", "CCL\CCL.csproj", "{8D583AB4-0E14-4FCE-94EA-8CA5963F9701}"
EndProject
Global
	GlobalSection(SolutionConfigurationPlatforms) = preSolution
		Debug|Any CPU = Debug|Any CPU
		Release|Any CPU = Release|Any CPU
	EndGlobalSection
	GlobalSection(ProjectConfigurationPlatforms) = postSolution
		{BCC09D5A-7305-4912-9DEC-3B0D1381E3EB}.Debug|Any CPU.ActiveCfg = Debug|Any CPU
		{BCC09D5A-7305-4912-9DEC-3B0D1381E3EB}.Debug|Any CPU.Build.0 = Debug|Any CPU
		{BCC09D5A-7305-4912-9DEC-3B0D1381E3EB}.Release|Any CPU.ActiveCfg = Release|Any CPU
		{BCC09D5A-7305-4912-9DEC-3B0D1381E3EB}.Release|Any CPU.Build.0 = Release|Any CPU
		{B412FD0D-D301-48F0-BC8B-D254F454C3EC}.Debug|Any CPU.ActiveCfg = Debug|Any CPU
		{B412FD0D-D301-48F0-BC8B-D254F454C3EC}.Debug|Any CPU.Build.0 = Debug|Any CPU
		{B412FD0D-D301-48F0-BC8B-D254F454C3EC}.Release|Any CPU.ActiveCfg = Release|Any CPU
		{B412FD0D-D301-48F0-BC8B-D254F454C3EC}.Release|Any CPU.Build.0 = Release|Any CPU
		{C27E44AC-E142-45FC-8B5A-479A056A0B91}.Debug|Any CPU.ActiveCfg = Debug|Any CPU
		{C27E44AC-E142-45FC-8B5A-479A056A0B91}.Debug|Any CPU.Build.0 = Debug|Any CPU
		{C27E44AC-E142-45FC-8B5A-479A056A0B91}.Release|Any CPU.ActiveCfg = Release|Any CPU
		{C27E44AC-E142-45FC-8B5A-479A056A0B91}.Release|Any CPU.Build.0 = Release|Any CPU
		{243EF710-46BB-4155-BA74-0E5C2362E502}.Debug|Any CPU.ActiveCfg = Debug|Any CPU
		{243EF710-46BB-4155-BA74-0E5C2362E502}.Debug|Any CPU.Build.0 = Debug|Any CPU
		{243EF710-46BB-4155-BA74-0E5C2362E502}.Release|Any CPU.ActiveCfg = Release|Any CPU
		{243EF710-46BB-4155-BA74-0E5C2362E502}.Release|Any CPU.Build.0 = Release|Any CPU
		{8D583AB4-0E14-4FCE-94EA-8CA5963F9701}.Debug|Any CPU.ActiveCfg = Debug|Any CPU
		{8D583AB4-0E14-4FCE-94EA-8CA5963F9701}.Debug|Any CPU.Build.0 = Debug|Any CPU
		{8D583AB4-0E14-4FCE-94EA-8CA5963F9701}.Release|Any CPU.ActiveCfg = Release|Any CPU
		{8D583AB4-0E14-4FCE-94EA-8CA5963F9701}.Release|Any CPU.Build.0 = Release|Any CPU
	EndGlobalSection
	GlobalSection(SolutionProperties) = preSolution
		HideSolutionNode = FALSE
	EndGlobalSection
	GlobalSection(NestedProjects) = preSolution
		{BCC09D5A-7305-4912-9DEC-3B0D1381E3EB} = {CC8E835B-FE17-42D3-9BD7-E182BDF4F7D1}
		{B412FD0D-D301-48F0-BC8B-D254F454C3EC} = {CC8E835B-FE17-42D3-9BD7-E182BDF4F7D1}
		{C27E44AC-E142-45FC-8B5A-479A056A0B91} = {CC8E835B-FE17-42D3-9BD7-E182BDF4F7D1}
		{8D583AB4-0E14-4FCE-94EA-8CA5963F9701} = {CC8E835B-FE17-42D3-9BD7-E182BDF4F7D1}
	EndGlobalSection
	GlobalSection(ExtensibilityGlobals) = postSolution
		SolutionGuid = {4FD32E9D-4CC6-41A1-A269-F16B80B84F27}
	EndGlobalSection
EndGlobal
