
Microsoft Visual Studio Solution File, Format Version 12.00
# Visual Studio Version 16
VisualStudioVersion = 16.0.31112.23
MinimumVisualStudioVersion = 10.0.40219.1
Project("{FAE04EC0-301F-11D3-BF4B-00C04F79EFBC}") = "DAL", "DAL\DAL.csproj", "{BCC09D5A-7305-4912-9DEC-3B0D1381E3EB}"
EndProject
Global
	GlobalSection(SolutionConfigurationPlatforms) = preSolution
		Debug|Any CPU = Debug|Any CPU
		Release|Any CPU = Release|Any CPU
	EndGlobalSection
	GlobalSection(ProjectConfigurationPlatforms) = postSolution
		{BCC09D5A-7305-4912-9DEC-3B0D1381E3EB}.Debug|Any CPU.ActiveCfg = Debug|Any CPU
		{BCC09D5A-7305-4912-9DEC-3B0D1381E3EB}.Debug|Any CPU.Build.0 = Debug|Any CPU
		{BCC09D5A-7305-4912-9DEC-3B0D1381E3EB}.Release|Any CPU.ActiveCfg = Release|Any CPU
		{BCC09D5A-7305-4912-9DEC-3B0D1381E3EB}.Release|Any CPU.Build.0 = Release|Any CPU
	EndGlobalSection
	GlobalSection(SolutionProperties) = preSolution
		HideSolutionNode = FALSE
	EndGlobalSection
	GlobalSection(ExtensibilityGlobals) = postSolution
		SolutionGuid = {4FD32E9D-4CC6-41A1-A269-F16B80B84F27}
	EndGlobalSection
EndGlobal
